<?xml version="1.0" encoding="utf-8"?>
<Project ToolsVersion="4.0" xmlns="http://schemas.microsoft.com/developer/msbuild/2003">
  <ItemGroup>
    <Filter Include="源文件">
      <UniqueIdentifier>{4FC737F1-C7A5-4376-A066-2A32D752A2FF}</UniqueIdentifier>
      <Extensions>cpp;c;cc;cxx;c++;cppm;ixx;def;odl;idl;hpj;bat;asm;asmx</Extensions>
    </Filter>
    <Filter Include="头文件">
      <UniqueIdentifier>{93995380-89BD-4b04-88EB-625FBE52EBFB}</UniqueIdentifier>
      <Extensions>h;hh;hpp;hxx;h++;hm;inl;inc;ipp;xsd</Extensions>
    </Filter>
    <Filter Include="资源文件">
      <UniqueIdentifier>{67DA6AB6-F800-4c08-8B7A-83BB121AAD01}</UniqueIdentifier>
      <Extensions>rc;ico;cur;bmp;dlg;rc2;rct;bin;rgs;gif;jpg;jpeg;jpe;resx;tiff;tif;png;wav;mfcribbon-ms</Extensions>
    </Filter>
  </ItemGroup>
  <ItemGroup>
    <ClCompile Include="Greedy-455.cpp">
      <Filter>源文件</Filter>
    </ClCompile>
    <ClCompile Include="Greedy-135.cpp">
      <Filter>源文件</Filter>
    </ClCompile>
    <ClCompile Include="part-time-test.cpp">
      <Filter>源文件</Filter>
    </ClCompile>
    <ClCompile Include="search_35.cpp">
      <Filter>源文件</Filter>
    </ClCompile>
    <ClCompile Include="strStr_28.cpp">
      <Filter>源文件</Filter>
    </ClCompile>
    <ClCompile Include="niuke.cpp">
      <Filter>源文件</Filter>
    </ClCompile>
    <ClCompile Include="剑指 Offer 10- II. 青蛙跳台阶问题.cpp">
      <Filter>源文件</Filter>
    </ClCompile>
    <ClCompile Include="template.cpp">
      <Filter>源文件</Filter>
    </ClCompile>
    <ClCompile Include="search_rotation.cpp">
      <Filter>源文件</Filter>
    </ClCompile>
    <ClCompile Include="csdn.cpp">
      <Filter>源文件</Filter>
    </ClCompile>
    <ClCompile Include="583.cpp">
      <Filter>源文件</Filter>
    </ClCompile>
    <ClCompile Include="32.cpp">
      <Filter>源文件</Filter>
    </ClCompile>
    <ClCompile Include="18.cpp">
      <Filter>源文件</Filter>
    </ClCompile>
    <ClCompile Include="sgd.cpp">
      <Filter>源文件</Filter>
    </ClCompile>
    <ClCompile Include="gaosi.cpp">
      <Filter>源文件</Filter>
    </ClCompile>
    <ClCompile Include="wei.cpp">
      <Filter>源文件</Filter>
    </ClCompile>
    <ClCompile Include="122.cpp">
      <Filter>源文件</Filter>
    </ClCompile>
    <ClCompile Include="Rotate_image.cpp">
      <Filter>源文件</Filter>
    </ClCompile>
    <ClCompile Include="49字母异位词分组.cpp">
      <Filter>源文件</Filter>
    </ClCompile>
    <ClCompile Include="test.cpp">
      <Filter>源文件</Filter>
    </ClCompile>
    <ClCompile Include="lamda_test.cpp">
      <Filter>源文件</Filter>
    </ClCompile>
    <ClCompile Include="37解数独.cpp">
      <Filter>源文件</Filter>
    </ClCompile>
    <ClCompile Include="n皇后.cpp">
      <Filter>源文件</Filter>
    </ClCompile>
  </ItemGroup>
  <ItemGroup>
    <ClInclude Include="template_compile.h">
      <Filter>头文件</Filter>
    </ClInclude>
    <ClInclude Include="strStr_28.h">
      <Filter>头文件</Filter>
    </ClInclude>
  </ItemGroup>
</Project>